// !$*UTF8*$!
{
	archiveVersion = 1;
	classes = {
	};
	objectVersion = 46;
	objects = {

/* Begin PBXBuildFile section */
		814BC7B81E2C833D00E2707F /* main.m in Sources */ = {isa = PBXBuildFile; fileRef = 814BC7B71E2C833D00E2707F /* main.m */; };
		814BC7BB1E2C833D00E2707F /* AppDelegate.m in Sources */ = {isa = PBXBuildFile; fileRef = 814BC7BA1E2C833D00E2707F /* AppDelegate.m */; };
		814BC7C11E2C833D00E2707F /* Main.storyboard in Resources */ = {isa = PBXBuildFile; fileRef = 814BC7BF1E2C833D00E2707F /* Main.storyboard */; };
		814BC7C31E2C833D00E2707F /* Assets.xcassets in Resources */ = {isa = PBXBuildFile; fileRef = 814BC7C21E2C833D00E2707F /* Assets.xcassets */; };
		814BC7C61E2C833D00E2707F /* LaunchScreen.storyboard in Resources */ = {isa = PBXBuildFile; fileRef = 814BC7C41E2C833D00E2707F /* LaunchScreen.storyboard */; };
		814BC7D91E2C85DC00E2707F /* LoginViewController.m in Sources */ = {isa = PBXBuildFile; fileRef = 814BC7D81E2C85DC00E2707F /* LoginViewController.m */; };
		814BC7DC1E2C860800E2707F /* User.m in Sources */ = {isa = PBXBuildFile; fileRef = 814BC7DB1E2C860800E2707F /* User.m */; };
		814BC7DF1E2C873000E2707F /* SignUpViewController.m in Sources */ = {isa = PBXBuildFile; fileRef = 814BC7DE1E2C873000E2707F /* SignUpViewController.m */; };
		814BC7E21E2C87C400E2707F /* HomeViewController.m in Sources */ = {isa = PBXBuildFile; fileRef = 814BC7E11E2C87C400E2707F /* HomeViewController.m */; };
		814BC7E51E2C884A00E2707F /* AddLocationViewController.m in Sources */ = {isa = PBXBuildFile; fileRef = 814BC7E41E2C884A00E2707F /* AddLocationViewController.m */; };
/* End PBXBuildFile section */

/* Begin PBXFileReference section */
		814BC7B31E2C833D00E2707F /* FindMe.app */ = {isa = PBXFileReference; explicitFileType = wrapper.application; includeInIndex = 0; path = FindMe.app; sourceTree = BUILT_PRODUCTS_DIR; };
		814BC7B71E2C833D00E2707F /* main.m */ = {isa = PBXFileReference; lastKnownFileType = sourcecode.c.objc; path = main.m; sourceTree = "<group>"; };
		814BC7B91E2C833D00E2707F /* AppDelegate.h */ = {isa = PBXFileReference; lastKnownFileType = sourcecode.c.h; path = AppDelegate.h; sourceTree = "<group>"; };
		814BC7BA1E2C833D00E2707F /* AppDelegate.m */ = {isa = PBXFileReference; lastKnownFileType = sourcecode.c.objc; path = AppDelegate.m; sourceTree = "<group>"; };
		814BC7C01E2C833D00E2707F /* Base */ = {isa = PBXFileReference; lastKnownFileType = file.storyboard; name = Base; path = Base.lproj/Main.storyboard; sourceTree = "<group>"; };
		814BC7C21E2C833D00E2707F /* Assets.xcassets */ = {isa = PBXFileReference; lastKnownFileType = folder.assetcatalog; path = Assets.xcassets; sourceTree = "<group>"; };
		814BC7C51E2C833D00E2707F /* Base */ = {isa = PBXFileReference; lastKnownFileType = file.storyboard; name = Base; path = Base.lproj/LaunchScreen.storyboard; sourceTree = "<group>"; };
		814BC7C71E2C833D00E2707F /* Info.plist */ = {isa = PBXFileReference; lastKnownFileType = text.plist.xml; path = Info.plist; sourceTree = "<group>"; };
		814BC7D01E2C847900E2707F /* Constant.h */ = {isa = PBXFileReference; lastKnownFileType = sourcecode.c.h; path = Constant.h; sourceTree = "<group>"; };
		814BC7D11E2C849200E2707F /* AddLocationProtocol.h */ = {isa = PBXFileReference; lastKnownFileType = sourcecode.c.h; path = AddLocationProtocol.h; sourceTree = "<group>"; };
		814BC7D71E2C85DC00E2707F /* LoginViewController.h */ = {isa = PBXFileReference; fileEncoding = 4; lastKnownFileType = sourcecode.c.h; path = LoginViewController.h; sourceTree = "<group>"; };
		814BC7D81E2C85DC00E2707F /* LoginViewController.m */ = {isa = PBXFileReference; fileEncoding = 4; lastKnownFileType = sourcecode.c.objc; path = LoginViewController.m; sourceTree = "<group>"; };
		814BC7DA1E2C860800E2707F /* User.h */ = {isa = PBXFileReference; fileEncoding = 4; lastKnownFileType = sourcecode.c.h; path = User.h; sourceTree = "<group>"; };
		814BC7DB1E2C860800E2707F /* User.m */ = {isa = PBXFileReference; fileEncoding = 4; lastKnownFileType = sourcecode.c.objc; path = User.m; sourceTree = "<group>"; };
		814BC7DD1E2C873000E2707F /* SignUpViewController.h */ = {isa = PBXFileReference; fileEncoding = 4; lastKnownFileType = sourcecode.c.h; path = SignUpViewController.h; sourceTree = "<group>"; };
		814BC7DE1E2C873000E2707F /* SignUpViewController.m */ = {isa = PBXFileReference; fileEncoding = 4; lastKnownFileType = sourcecode.c.objc; path = SignUpViewController.m; sourceTree = "<group>"; };
		814BC7E01E2C87C400E2707F /* HomeViewController.h */ = {isa = PBXFileReference; fileEncoding = 4; lastKnownFileType = sourcecode.c.h; path = HomeViewController.h; sourceTree = "<group>"; };
		814BC7E11E2C87C400E2707F /* HomeViewController.m */ = {isa = PBXFileReference; fileEncoding = 4; lastKnownFileType = sourcecode.c.objc; path = HomeViewController.m; sourceTree = "<group>"; };
		814BC7E31E2C884A00E2707F /* AddLocationViewController.h */ = {isa = PBXFileReference; fileEncoding = 4; lastKnownFileType = sourcecode.c.h; path = AddLocationViewController.h; sourceTree = "<group>"; };
		814BC7E41E2C884A00E2707F /* AddLocationViewController.m */ = {isa = PBXFileReference; fileEncoding = 4; lastKnownFileType = sourcecode.c.objc; path = AddLocationViewController.m; sourceTree = "<group>"; };
/* End PBXFileReference section */

/* Begin PBXFrameworksBuildPhase section */
		814BC7B01E2C833D00E2707F /* Frameworks */ = {
			isa = PBXFrameworksBuildPhase;
			buildActionMask = 2147483647;
			files = (
			);
			runOnlyForDeploymentPostprocessing = 0;
		};
/* End PBXFrameworksBuildPhase section */

/* Begin PBXGroup section */
		814BC7AA1E2C833D00E2707F = {
			isa = PBXGroup;
			children = (
				814BC7B51E2C833D00E2707F /* FindMe */,
				814BC7B41E2C833D00E2707F /* Products */,
			);
			sourceTree = "<group>";
		};
		814BC7B41E2C833D00E2707F /* Products */ = {
			isa = PBXGroup;
			children = (
				814BC7B31E2C833D00E2707F /* FindMe.app */,
			);
			name = Products;
			sourceTree = "<group>";
		};
		814BC7B51E2C833D00E2707F /* FindMe */ = {
			isa = PBXGroup;
			children = (
				814BC7B91E2C833D00E2707F /* AppDelegate.h */,
				814BC7BA1E2C833D00E2707F /* AppDelegate.m */,
				814BC7D01E2C847900E2707F /* Constant.h */,
				814BC7D11E2C849200E2707F /* AddLocationProtocol.h */,
				814BC7CE1E2C842D00E2707F /* Models */,
				814BC7CF1E2C844800E2707F /* ViewControllers */,
				814BC7BF1E2C833D00E2707F /* Main.storyboard */,
				814BC7C21E2C833D00E2707F /* Assets.xcassets */,
				814BC7C41E2C833D00E2707F /* LaunchScreen.storyboard */,
				814BC7C71E2C833D00E2707F /* Info.plist */,
				814BC7B61E2C833D00E2707F /* Supporting Files */,
			);
			path = FindMe;
			sourceTree = "<group>";
		};
		814BC7B61E2C833D00E2707F /* Supporting Files */ = {
			isa = PBXGroup;
			children = (
				814BC7B71E2C833D00E2707F /* main.m */,
			);
			name = "Supporting Files";
			sourceTree = "<group>";
		};
		814BC7CE1E2C842D00E2707F /* Models */ = {
			isa = PBXGroup;
			children = (
				814BC7DA1E2C860800E2707F /* User.h */,
				814BC7DB1E2C860800E2707F /* User.m */,
			);
			name = Models;
			sourceTree = "<group>";
		};
		814BC7CF1E2C844800E2707F /* ViewControllers */ = {
			isa = PBXGroup;
			children = (
				814BC7D21E2C84A700E2707F /* LoginViewController */,
				814BC7D61E2C84FA00E2707F /* SignUpViewController */,
				814BC7D41E2C84C100E2707F /* HomeViewController */,
				814BC7D51E2C84CF00E2707F /* AddLocationViewController */,
			);
			name = ViewControllers;
			sourceTree = "<group>";
		};
		814BC7D21E2C84A700E2707F /* LoginViewController */ = {
			isa = PBXGroup;
			children = (
				814BC7D71E2C85DC00E2707F /* LoginViewController.h */,
				814BC7D81E2C85DC00E2707F /* LoginViewController.m */,
			);
			name = LoginViewController;
			sourceTree = "<group>";
		};
		814BC7D41E2C84C100E2707F /* HomeViewController */ = {
			isa = PBXGroup;
			children = (
				814BC7E01E2C87C400E2707F /* HomeViewController.h */,
				814BC7E11E2C87C400E2707F /* HomeViewController.m */,
			);
			name = HomeViewController;
			sourceTree = "<group>";
		};
		814BC7D51E2C84CF00E2707F /* AddLocationViewController */ = {
			isa = PBXGroup;
			children = (
				814BC7E31E2C884A00E2707F /* AddLocationViewController.h */,
				814BC7E41E2C884A00E2707F /* AddLocationViewController.m */,
			);
			name = AddLocationViewController;
			sourceTree = "<group>";
		};
		814BC7D61E2C84FA00E2707F /* SignUpViewController */ = {
			isa = PBXGroup;
			children = (
				814BC7DD1E2C873000E2707F /* SignUpViewController.h */,
				814BC7DE1E2C873000E2707F /* SignUpViewController.m */,
			);
			name = SignUpViewController;
			sourceTree = "<group>";
		};
/* End PBXGroup section */

/* Begin PBXNativeTarget section */
		814BC7B21E2C833D00E2707F /* FindMe */ = {
			isa = PBXNativeTarget;
			buildConfigurationList = 814BC7CA1E2C833D00E2707F /* Build configuration list for PBXNativeTarget "FindMe" */;
			buildPhases = (
				814BC7AF1E2C833D00E2707F /* Sources */,
				814BC7B01E2C833D00E2707F /* Frameworks */,
				814BC7B11E2C833D00E2707F /* Resources */,
			);
			buildRules = (
			);
			dependencies = (
			);
			name = FindMe;
			productName = FindMe;
			productReference = 814BC7B31E2C833D00E2707F /* FindMe.app */;
			productType = "com.apple.product-type.application";
		};
/* End PBXNativeTarget section */

/* Begin PBXProject section */
		814BC7AB1E2C833D00E2707F /* Project object */ = {
			isa = PBXProject;
			attributes = {
				LastUpgradeCheck = 0820;
				ORGANIZATIONNAME = Nasim;
				TargetAttributes = {
					814BC7B21E2C833D00E2707F = {
						CreatedOnToolsVersion = 8.2.1;
						DevelopmentTeam = Q2FY5AEHQW;
						ProvisioningStyle = Automatic;
					};
				};
			};
			buildConfigurationList = 814BC7AE1E2C833D00E2707F /* Build configuration list for PBXProject "FindMe" */;
			compatibilityVersion = "Xcode 3.2";
			developmentRegion = English;
			hasScannedForEncodings = 0;
			knownRegions = (
				en,
				Base,
			);
			mainGroup = 814BC7AA1E2C833D00E2707F;
			productRefGroup = 814BC7B41E2C833D00E2707F /* Products */;
			projectDirPath = "";
			projectRoot = "";
			targets = (
				814BC7B21E2C833D00E2707F /* FindMe */,
			);
		};
/* End PBXProject section */

/* Begin PBXResourcesBuildPhase section */
		814BC7B11E2C833D00E2707F /* Resources */ = {
			isa = PBXResourcesBuildPhase;
			buildActionMask = 2147483647;
			files = (
				814BC7C61E2C833D00E2707F /* LaunchScreen.storyboard in Resources */,
				814BC7C31E2C833D00E2707F /* Assets.xcassets in Resources */,
				814BC7C11E2C833D00E2707F /* Main.storyboard in Resources */,
			);
			runOnlyForDeploymentPostprocessing = 0;
		};
/* End PBXResourcesBuildPhase section */

/* Begin PBXSourcesBuildPhase section */
		814BC7AF1E2C833D00E2707F /* Sources */ = {
			isa = PBXSourcesBuildPhase;
			buildActionMask = 2147483647;
			files = (
				814BC7DC1E2C860800E2707F /* User.m in Sources */,
				814BC7D91E2C85DC00E2707F /* LoginViewController.m in Sources */,
				814BC7DF1E2C873000E2707F /* SignUpViewController.m in Sources */,
				814BC7BB1E2C833D00E2707F /* AppDelegate.m in Sources */,
				814BC7E21E2C87C400E2707F /* HomeViewController.m in Sources */,
				814BC7B81E2C833D00E2707F /* main.m in Sources */,
				814BC7E51E2C884A00E2707F /* AddLocationViewController.m in Sources */,
			);
			runOnlyForDeploymentPostprocessing = 0;
		};
/* End PBXSourcesBuildPhase section */

/* Begin PBXVariantGroup section */
		814BC7BF1E2C833D00E2707F /* Main.storyboard */ = {
			isa = PBXVariantGroup;
			children = (
				814BC7C01E2C833D00E2707F /* Base */,
			);
			name = Main.storyboard;
			sourceTree = "<group>";
		};
		814BC7C41E2C833D00E2707F /* LaunchScreen.storyboard */ = {
			isa = PBXVariantGroup;
			children = (
				814BC7C51E2C833D00E2707F /* Base */,
			);
			name = LaunchScreen.storyboard;
			sourceTree = "<group>";
		};
/* End PBXVariantGroup section */

/* Begin XCBuildConfiguration section */
		814BC7C81E2C833D00E2707F /* Debug */ = {
			isa = XCBuildConfiguration;
			buildSettings = {
				ALWAYS_SEARCH_USER_PATHS = NO;
				CLANG_ANALYZER_NONNULL = YES;
				CLANG_CXX_LANGUAGE_STANDARD = "gnu++0x";
				CLANG_CXX_LIBRARY = "libc++";
				CLANG_ENABLE_MODULES = YES;
				CLANG_ENABLE_OBJC_ARC = YES;
				CLANG_WARN_BOOL_CONVERSION = YES;
				CLANG_WARN_CONSTANT_CONVERSION = YES;
				CLANG_WARN_DIRECT_OBJC_ISA_USAGE = YES_ERROR;
				CLANG_WARN_DOCUMENTATION_COMMENTS = YES;
				CLANG_WARN_EMPTY_BODY = YES;
				CLANG_WARN_ENUM_CONVERSION = YES;
				CLANG_WARN_INFINITE_RECURSION = YES;
				CLANG_WARN_INT_CONVERSION = YES;
				CLANG_WARN_OBJC_ROOT_CLASS = YES_ERROR;
				CLANG_WARN_SUSPICIOUS_MOVE = YES;
				CLANG_WARN_UNREACHABLE_CODE = YES;
				CLANG_WARN__DUPLICATE_METHOD_MATCH = YES;
				"CODE_SIGN_IDENTITY[sdk=iphoneos*]" = "iPhone Developer";
				COPY_PHASE_STRIP = NO;
				DEBUG_INFORMATION_FORMAT = dwarf;
				ENABLE_STRICT_OBJC_MSGSEND = YES;
				ENABLE_TESTABILITY = YES;
				GCC_C_LANGUAGE_STANDARD = gnu99;
				GCC_DYNAMIC_NO_PIC = NO;
				GCC_NO_COMMON_BLOCKS = YES;
				GCC_OPTIMIZATION_LEVEL = 0;
				GCC_PREPROCESSOR_DEFINITIONS = (
					"DEBUG=1",
					"$(inherited)",
				);
				GCC_WARN_64_TO_32_BIT_CONVERSION = YES;
				GCC_WARN_ABOUT_RETURN_TYPE = YES_ERROR;
				GCC_WARN_UNDECLARED_SELECTOR = YES;
				GCC_WARN_UNINITIALIZED_AUTOS = YES_AGGRESSIVE;
				GCC_WARN_UNUSED_FUNCTION = YES;
				GCC_WARN_UNUSED_VARIABLE = YES;
				IPHONEOS_DEPLOYMENT_TARGET = 10.2;
				MTL_ENABLE_DEBUG_INFO = YES;
				ONLY_ACTIVE_ARCH = YES;
				SDKROOT = iphoneos;
				TARGETED_DEVICE_FAMILY = "1,2";
			};
			name = Debug;
		};
		814BC7C91E2C833D00E2707F /* Release */ = {
			isa = XCBuildConfiguration;
			buildSettings = {
				ALWAYS_SEARCH_USER_PATHS = NO;
				CLANG_ANALYZER_NONNULL = YES;
				CLANG_CXX_LANGUAGE_STANDARD = "gnu++0x";
				CLANG_CXX_LIBRARY = "libc++";
				CLANG_ENABLE_MODULES = YES;
				CLANG_ENABLE_OBJC_ARC = YES;
				CLANG_WARN_BOOL_CONVERSION = YES;
				CLANG_WARN_CONSTANT_CONVERSION = YES;
				CLANG_WARN_DIRECT_OBJC_ISA_USAGE = YES_ERROR;
				CLANG_WARN_DOCUMENTATION_COMMENTS = YES;
				CLANG_WARN_EMPTY_BODY = YES;
				CLANG_WARN_ENUM_CONVERSION = YES;
				CLANG_WARN_INFINITE_RECURSION = YES;
				CLANG_WARN_INT_CONVERSION = YES;
				CLANG_WARN_OBJC_ROOT_CLASS = YES_ERROR;
				CLANG_WARN_SUSPICIOUS_MOVE = YES;
				CLANG_WARN_UNREACHABLE_CODE = YES;
				CLANG_WARN__DUPLICATE_METHOD_MATCH = YES;
				"CODE_SIGN_IDENTITY[sdk=iphoneos*]" = "iPhone Developer";
				COPY_PHASE_STRIP = NO;
				DEBUG_INFORMATION_FORMAT = "dwarf-with-dsym";
				ENABLE_NS_ASSERTIONS = NO;
				ENABLE_STRICT_OBJC_MSGSEND = YES;
				GCC_C_LANGUAGE_STANDARD = gnu99;
				GCC_NO_COMMON_BLOCKS = YES;
				GCC_WARN_64_TO_32_BIT_CONVERSION = YES;
				GCC_WARN_ABOUT_RETURN_TYPE = YES_ERROR;
				GCC_WARN_UNDECLARED_SELECTOR = YES;
				GCC_WARN_UNINITIALIZED_AUTOS = YES_AGGRESSIVE;
				GCC_WARN_UNUSED_FUNCTION = YES;
				GCC_WARN_UNUSED_VARIABLE = YES;
				IPHONEOS_DEPLOYMENT_TARGET = 10.2;
				MTL_ENABLE_DEBUG_INFO = NO;
				SDKROOT = iphoneos;
				TARGETED_DEVICE_FAMILY = "1,2";
				VALIDATE_PRODUCT = YES;
			};
			name = Release;
		};
		814BC7CB1E2C833D00E2707F /* Debug */ = {
			isa = XCBuildConfiguration;
			buildSettings = {
				ASSETCATALOG_COMPILER_APPICON_NAME = AppIcon;
				DEVELOPMENT_TEAM = Q2FY5AEHQW;
				INFOPLIST_FILE = FindMe/Info.plist;
				LD_RUNPATH_SEARCH_PATHS = "$(inherited) @executable_path/Frameworks";
				PRODUCT_BUNDLE_IDENTIFIER = com.nasimahmed.findme.FindMe;
				PRODUCT_NAME = "$(TARGET_NAME)";
			};
			name = Debug;
		};
		814BC7CC1E2C833D00E2707F /* Release */ = {
			isa = XCBuildConfiguration;
			buildSettings = {
				ASSETCATALOG_COMPILER_APPICON_NAME = AppIcon;
				DEVELOPMENT_TEAM = Q2FY5AEHQW;
				INFOPLIST_FILE = FindMe/Info.plist;
				LD_RUNPATH_SEARCH_PATHS = "$(inherited) @executable_path/Frameworks";
				PRODUCT_BUNDLE_IDENTIFIER = com.nasimahmed.findme.FindMe;
				PRODUCT_NAME = "$(TARGET_NAME)";
			};
			name = Release;
		};
/* End XCBuildConfiguration section */

/* Begin XCConfigurationList section */
		814BC7AE1E2C833D00E2707F /* Build configuration list for PBXProject "FindMe" */ = {
			isa = XCConfigurationList;
			buildConfigurations = (
				814BC7C81E2C833D00E2707F /* Debug */,
				814BC7C91E2C833D00E2707F /* Release */,
			);
			defaultConfigurationIsVisible = 0;
			defaultConfigurationName = Release;
		};
		814BC7CA1E2C833D00E2707F /* Build configuration list for PBXNativeTarget "FindMe" */ = {
			isa = XCConfigurationList;
			buildConfigurations = (
				814BC7CB1E2C833D00E2707F /* Debug */,
				814BC7CC1E2C833D00E2707F /* Release */,
			);
			defaultConfigurationIsVisible = 0;
		};
/* End XCConfigurationList section */
	};
	rootObject = 814BC7AB1E2C833D00E2707F /* Project object */;
}
